
Microsoft Visual Studio Solution File, Format Version 12.00
# Visual Studio 15
VisualStudioVersion = 15.0.26430.16
MinimumVisualStudioVersion = 10.0.40219.1
Project("{FAE04EC0-301F-11D3-BF4B-00C04F79EFBC}") = "WpfPlayground", "WpfPlayground\WpfPlayground.csproj", "{6D8D19D9-E610-4B69-94F2-65AB725141E1}"
EndProject
Project("{FAE04EC0-301F-11D3-BF4B-00C04F79EFBC}") = "LeftMenuModule", "LeftMenuModule\LeftMenuModule.csproj", "{CF9CEA13-4981-4863-B717-2BBEFB54B9FB}"
EndProject
Project("{FAE04EC0-301F-11D3-BF4B-00C04F79EFBC}") = "MainContentModule", "MainContentModule\MainContentModule.csproj", "{172F251F-B831-4060-B043-9764F2711A44}"
EndProject
Project("{FAE04EC0-301F-11D3-BF4B-00C04F79EFBC}") = "WpfPlayground.Infrastructure", "WpfPlayground.Infrastructure\WpfPlayground.Infrastructure.csproj", "{C90BA7A1-57D2-413B-BA43-E4A861294712}"
EndProject
Global
	GlobalSection(SolutionConfigurationPlatforms) = preSolution
		Debug|Any CPU = Debug|Any CPU
		Release|Any CPU = Release|Any CPU
	EndGlobalSection
	GlobalSection(ProjectConfigurationPlatforms) = postSolution
		{6D8D19D9-E610-4B69-94F2-65AB725141E1}.Debug|Any CPU.ActiveCfg = Debug|Any CPU
		{6D8D19D9-E610-4B69-94F2-65AB725141E1}.Debug|Any CPU.Build.0 = Debug|Any CPU
		{6D8D19D9-E610-4B69-94F2-65AB725141E1}.Release|Any CPU.ActiveCfg = Release|Any CPU
		{6D8D19D9-E610-4B69-94F2-65AB725141E1}.Release|Any CPU.Build.0 = Release|Any CPU
		{CF9CEA13-4981-4863-B717-2BBEFB54B9FB}.Debug|Any CPU.ActiveCfg = Debug|Any CPU
		{CF9CEA13-4981-4863-B717-2BBEFB54B9FB}.Debug|Any CPU.Build.0 = Debug|Any CPU
		{CF9CEA13-4981-4863-B717-2BBEFB54B9FB}.Release|Any CPU.ActiveCfg = Release|Any CPU
		{CF9CEA13-4981-4863-B717-2BBEFB54B9FB}.Release|Any CPU.Build.0 = Release|Any CPU
		{172F251F-B831-4060-B043-9764F2711A44}.Debug|Any CPU.ActiveCfg = Debug|Any CPU
		{172F251F-B831-4060-B043-9764F2711A44}.Debug|Any CPU.Build.0 = Debug|Any CPU
		{172F251F-B831-4060-B043-9764F2711A44}.Release|Any CPU.ActiveCfg = Release|Any CPU
		{172F251F-B831-4060-B043-9764F2711A44}.Release|Any CPU.Build.0 = Release|Any CPU
		{C90BA7A1-57D2-413B-BA43-E4A861294712}.Debug|Any CPU.ActiveCfg = Debug|Any CPU
		{C90BA7A1-57D2-413B-BA43-E4A861294712}.Debug|Any CPU.Build.0 = Debug|Any CPU
		{C90BA7A1-57D2-413B-BA43-E4A861294712}.Release|Any CPU.ActiveCfg = Release|Any CPU
		{C90BA7A1-57D2-413B-BA43-E4A861294712}.Release|Any CPU.Build.0 = Release|Any CPU
	EndGlobalSection
	GlobalSection(SolutionProperties) = preSolution
		HideSolutionNode = FALSE
	EndGlobalSection
EndGlobal
